{
  "name": "project_stravaclone",
  "lockfileVersion": 3,
  "requires": true,
  "packages": {
    "": {
      "dependencies": {
        "@react-native-async-storage/async-storage": "^3.0.2"
      }
    },
    "node_modules/@react-native-async-storage/async-storage": {
      "version": "3.0.2",
      "resolved": "https://registry.npmjs.org/@react-native-async-storage/async-storage/-/async-storage-3.0.2.tgz",
      "integrity": "sha512-XP0zDIl+1XoeuQ7f878qXKdl77zLwzLALPpxvNRc7ZtDh9ew36WSvOdQOhFkexMySapFAWxEbZxS8K8J2DU4eg==",
      "license": "MIT",
      "dependencies": {
        "idb": "8.0.3"
      },
      "peerDependencies": {
        "react": "*",
        "react-native": "*"
      }
    },
    "node_modules/idb": {
      "version": "8.0.3",
      "resolved": "https://registry.npmjs.org/idb/-/idb-8.0.3.tgz",
      "integrity": "sha512-LtwtVyVYO5BqRvcsKuB2iUMnHwPVByPCXFXOpuU96IZPPoPN6xjOGxZQ74pgSVVLQWtUOYgyeL4GE98BY5D3wg==",
      "license": "ISC"
    }
  }
}
